// !$*UTF8*$!
{
	archiveVersion = 1;
	classes = {
	};
	objectVersion = 46;
	objects = {

/* Begin PBXBuildFile section */
		7590E92E1602775100C85E34 /* UIKit.framework in Frameworks */ = {isa = PBXBuildFile; fileRef = 7590E92D1602775100C85E34 /* UIKit.framework */; };
		7590E9301602775100C85E34 /* Foundation.framework in Frameworks */ = {isa = PBXBuildFile; fileRef = 7590E92F1602775100C85E34 /* Foundation.framework */; };
		7590E9321602775100C85E34 /* CoreGraphics.framework in Frameworks */ = {isa = PBXBuildFile; fileRef = 7590E9311602775100C85E34 /* CoreGraphics.framework */; };
		7590E9381602775100C85E34 /* InfoPlist.strings in Resources */ = {isa = PBXBuildFile; fileRef = 7590E9361602775100C85E34 /* InfoPlist.strings */; };
		7590E93A1602775100C85E34 /* main.m in Sources */ = {isa = PBXBuildFile; fileRef = 7590E9391602775100C85E34 /* main.m */; };
		7590E93E1602775100C85E34 /* MADAppDelegate.m in Sources */ = {isa = PBXBuildFile; fileRef = 7590E93D1602775100C85E34 /* MADAppDelegate.m */; };
		7590E9411602775100C85E34 /* MADViewController.m in Sources */ = {isa = PBXBuildFile; fileRef = 7590E9401602775100C85E34 /* MADViewController.m */; };
		7590E9441602775100C85E34 /* MADViewController.xib in Resources */ = {isa = PBXBuildFile; fileRef = 7590E9421602775100C85E34 /* MADViewController.xib */; };
/* End PBXBuildFile section */

/* Begin PBXFileReference section */
		7590E9291602775100C85E34 /* foldertest.app */ = {isa = PBXFileReference; explicitFileType = wrapper.application; includeInIndex = 0; path = foldertest.app; sourceTree = BUILT_PRODUCTS_DIR; };
		7590E92D1602775100C85E34 /* UIKit.framework */ = {isa = PBXFileReference; lastKnownFileType = wrapper.framework; name = UIKit.framework; path = System/Library/Frameworks/UIKit.framework; sourceTree = SDKROOT; };
		7590E92F1602775100C85E34 /* Foundation.framework */ = {isa = PBXFileReference; lastKnownFileType = wrapper.framework; name = Foundation.framework; path = System/Library/Frameworks/Foundation.framework; sourceTree = SDKROOT; };
		7590E9311602775100C85E34 /* CoreGraphics.framework */ = {isa = PBXFileReference; lastKnownFileType = wrapper.framework; name = CoreGraphics.framework; path = System/Library/Frameworks/CoreGraphics.framework; sourceTree = SDKROOT; };
		7590E9351602775100C85E34 /* foldertest-Info.plist */ = {isa = PBXFileReference; lastKnownFileType = text.plist.xml; path = "foldertest-Info.plist"; sourceTree = "<group>"; };
		7590E9371602775100C85E34 /* en */ = {isa = PBXFileReference; lastKnownFileType = text.plist.strings; name = en; path = en.lproj/InfoPlist.strings; sourceTree = "<group>"; };
		7590E9391602775100C85E34 /* main.m */ = {isa = PBXFileReference; lastKnownFileType = sourcecode.c.objc; path = main.m; sourceTree = "<group>"; };
		7590E93B1602775100C85E34 /* foldertest-Prefix.pch */ = {isa = PBXFileReference; lastKnownFileType = sourcecode.c.h; path = "foldertest-Prefix.pch"; sourceTree = "<group>"; };
		7590E93C1602775100C85E34 /* MADAppDelegate.h */ = {isa = PBXFileReference; lastKnownFileType = sourcecode.c.h; path = MADAppDelegate.h; sourceTree = "<group>"; };
		7590E93D1602775100C85E34 /* MADAppDelegate.m */ = {isa = PBXFileReference; lastKnownFileType = sourcecode.c.objc; path = MADAppDelegate.m; sourceTree = "<group>"; };
		7590E93F1602775100C85E34 /* MADViewController.h */ = {isa = PBXFileReference; lastKnownFileType = sourcecode.c.h; path = MADViewController.h; sourceTree = "<group>"; };
		7590E9401602775100C85E34 /* MADViewController.m */ = {isa = PBXFileReference; lastKnownFileType = sourcecode.c.objc; path = MADViewController.m; sourceTree = "<group>"; };
		7590E9431602775100C85E34 /* en */ = {isa = PBXFileReference; lastKnownFileType = file.xib; name = en; path = en.lproj/MADViewController.xib; sourceTree = "<group>"; };
/* End PBXFileReference section */

/* Begin PBXFrameworksBuildPhase section */
		7590E9261602775100C85E34 /* Frameworks */ = {
			isa = PBXFrameworksBuildPhase;
			buildActionMask = 2147483647;
			files = (
				7590E92E1602775100C85E34 /* UIKit.framework in Frameworks */,
				7590E9301602775100C85E34 /* Foundation.framework in Frameworks */,
				7590E9321602775100C85E34 /* CoreGraphics.framework in Frameworks */,
			);
			runOnlyForDeploymentPostprocessing = 0;
		};
/* End PBXFrameworksBuildPhase section */

/* Begin PBXGroup section */
		7590E91E1602775100C85E34 = {
			isa = PBXGroup;
			children = (
				7590E9331602775100C85E34 /* foldertest */,
				7590E92C1602775100C85E34 /* Frameworks */,
				7590E92A1602775100C85E34 /* Products */,
			);
			sourceTree = "<group>";
		};
		7590E92A1602775100C85E34 /* Products */ = {
			isa = PBXGroup;
			children = (
				7590E9291602775100C85E34 /* foldertest.app */,
			);
			name = Products;
			sourceTree = "<group>";
		};
		7590E92C1602775100C85E34 /* Frameworks */ = {
			isa = PBXGroup;
			children = (
				7590E92D1602775100C85E34 /* UIKit.framework */,
				7590E92F1602775100C85E34 /* Foundation.framework */,
				7590E9311602775100C85E34 /* CoreGraphics.framework */,
			);
			name = Frameworks;
			sourceTree = "<group>";
		};
		7590E9331602775100C85E34 /* foldertest */ = {
			isa = PBXGroup;
			children = (
				7590E93C1602775100C85E34 /* MADAppDelegate.h */,
				7590E93D1602775100C85E34 /* MADAppDelegate.m */,
				7590E93F1602775100C85E34 /* MADViewController.h */,
				7590E9401602775100C85E34 /* MADViewController.m */,
				7590E9421602775100C85E34 /* MADViewController.xib */,
				7590E9341602775100C85E34 /* Supporting Files */,
			);
			path = foldertest;
			sourceTree = "<group>";
		};
		7590E9341602775100C85E34 /* Supporting Files */ = {
			isa = PBXGroup;
			children = (
				7590E9351602775100C85E34 /* foldertest-Info.plist */,
				7590E9361602775100C85E34 /* InfoPlist.strings */,
				7590E9391602775100C85E34 /* main.m */,
				7590E93B1602775100C85E34 /* foldertest-Prefix.pch */,
			);
			name = "Supporting Files";
			sourceTree = "<group>";
		};
/* End PBXGroup section */

/* Begin PBXNativeTarget section */
		7590E9281602775100C85E34 /* foldertest */ = {
			isa = PBXNativeTarget;
			buildConfigurationList = 7590E9471602775100C85E34 /* Build configuration list for PBXNativeTarget "foldertest" */;
			buildPhases = (
				7590E9251602775100C85E34 /* Sources */,
				7590E9261602775100C85E34 /* Frameworks */,
				7590E9271602775100C85E34 /* Resources */,
			);
			buildRules = (
			);
			dependencies = (
			);
			name = foldertest;
			productName = foldertest;
			productReference = 7590E9291602775100C85E34 /* foldertest.app */;
			productType = "com.apple.product-type.application";
		};
/* End PBXNativeTarget section */

/* Begin PBXProject section */
		7590E9201602775100C85E34 /* Project object */ = {
			isa = PBXProject;
			attributes = {
				CLASSPREFIX = MAD;
				LastUpgradeCheck = 0440;
				ORGANIZATIONNAME = "Aileen Pierce";
			};
			buildConfigurationList = 7590E9231602775100C85E34 /* Build configuration list for PBXProject "foldertest" */;
			compatibilityVersion = "Xcode 3.2";
			developmentRegion = English;
			hasScannedForEncodings = 0;
			knownRegions = (
				en,
			);
			mainGroup = 7590E91E1602775100C85E34;
			productRefGroup = 7590E92A1602775100C85E34 /* Products */;
			projectDirPath = "";
			projectRoot = "";
			targets = (
				7590E9281602775100C85E34 /* foldertest */,
			);
		};
/* End PBXProject section */

/* Begin PBXResourcesBuildPhase section */
		7590E9271602775100C85E34 /* Resources */ = {
			isa = PBXResourcesBuildPhase;
			buildActionMask = 2147483647;
			files = (
				7590E9381602775100C85E34 /* InfoPlist.strings in Resources */,
				7590E9441602775100C85E34 /* MADViewController.xib in Resources */,
			);
			runOnlyForDeploymentPostprocessing = 0;
		};
/* End PBXResourcesBuildPhase section */

/* Begin PBXSourcesBuildPhase section */
		7590E9251602775100C85E34 /* Sources */ = {
			isa = PBXSourcesBuildPhase;
			buildActionMask = 2147483647;
			files = (
				7590E93A1602775100C85E34 /* main.m in Sources */,
				7590E93E1602775100C85E34 /* MADAppDelegate.m in Sources */,
				7590E9411602775100C85E34 /* MADViewController.m in Sources */,
			);
			runOnlyForDeploymentPostprocessing = 0;
		};
/* End PBXSourcesBuildPhase section */

/* Begin PBXVariantGroup section */
		7590E9361602775100C85E34 /* InfoPlist.strings */ = {
			isa = PBXVariantGroup;
			children = (
				7590E9371602775100C85E34 /* en */,
			);
			name = InfoPlist.strings;
			sourceTree = "<group>";
		};
		7590E9421602775100C85E34 /* MADViewController.xib */ = {
			isa = PBXVariantGroup;
			children = (
				7590E9431602775100C85E34 /* en */,
			);
			name = MADViewController.xib;
			sourceTree = "<group>";
		};
/* End PBXVariantGroup section */

/* Begin XCBuildConfiguration section */
		7590E9451602775100C85E34 /* Debug */ = {
			isa = XCBuildConfiguration;
			buildSettings = {
				ALWAYS_SEARCH_USER_PATHS = NO;
				ARCHS = "$(ARCHS_STANDARD_32_BIT)";
				CLANG_CXX_LANGUAGE_STANDARD = "gnu++0x";
				CLANG_ENABLE_OBJC_ARC = YES;
				CLANG_WARN__DUPLICATE_METHOD_MATCH = YES;
				"CODE_SIGN_IDENTITY[sdk=iphoneos*]" = "iPhone Developer";
				COPY_PHASE_STRIP = NO;
				GCC_C_LANGUAGE_STANDARD = gnu99;
				GCC_DYNAMIC_NO_PIC = NO;
				GCC_OPTIMIZATION_LEVEL = 0;
				GCC_PREPROCESSOR_DEFINITIONS = (
					"DEBUG=1",
					"$(inherited)",
				);
				GCC_SYMBOLS_PRIVATE_EXTERN = NO;
				GCC_VERSION = com.apple.compilers.llvm.clang.1_0;
				GCC_WARN_ABOUT_RETURN_TYPE = YES;
				GCC_WARN_UNINITIALIZED_AUTOS = YES;
				GCC_WARN_UNUSED_VARIABLE = YES;
				IPHONEOS_DEPLOYMENT_TARGET = 5.1;
				SDKROOT = iphoneos;
			};
			name = Debug;
		};
		7590E9461602775100C85E34 /* Release */ = {
			isa = XCBuildConfiguration;
			buildSettings = {
				ALWAYS_SEARCH_USER_PATHS = NO;
				ARCHS = "$(ARCHS_STANDARD_32_BIT)";
				CLANG_CXX_LANGUAGE_STANDARD = "gnu++0x";
				CLANG_ENABLE_OBJC_ARC = YES;
				CLANG_WARN__DUPLICATE_METHOD_MATCH = YES;
				"CODE_SIGN_IDENTITY[sdk=iphoneos*]" = "iPhone Developer";
				COPY_PHASE_STRIP = YES;
				GCC_C_LANGUAGE_STANDARD = gnu99;
				GCC_VERSION = com.apple.compilers.llvm.clang.1_0;
				GCC_WARN_ABOUT_RETURN_TYPE = YES;
				GCC_WARN_UNINITIALIZED_AUTOS = YES;
				GCC_WARN_UNUSED_VARIABLE = YES;
				IPHONEOS_DEPLOYMENT_TARGET = 5.1;
				OTHER_CFLAGS = "-DNS_BLOCK_ASSERTIONS=1";
				SDKROOT = iphoneos;
				VALIDATE_PRODUCT = YES;
			};
			name = Release;
		};
		7590E9481602775100C85E34 /* Debug */ = {
			isa = XCBuildConfiguration;
			buildSettings = {
				GCC_PRECOMPILE_PREFIX_HEADER = YES;
				GCC_PREFIX_HEADER = "foldertest/foldertest-Prefix.pch";
				INFOPLIST_FILE = "foldertest/foldertest-Info.plist";
				PRODUCT_NAME = "$(TARGET_NAME)";
				WRAPPER_EXTENSION = app;
			};
			name = Debug;
		};
		7590E9491602775100C85E34 /* Release */ = {
			isa = XCBuildConfiguration;
			buildSettings = {
				GCC_PRECOMPILE_PREFIX_HEADER = YES;
				GCC_PREFIX_HEADER = "foldertest/foldertest-Prefix.pch";
				INFOPLIST_FILE = "foldertest/foldertest-Info.plist";
				PRODUCT_NAME = "$(TARGET_NAME)";
				WRAPPER_EXTENSION = app;
			};
			name = Release;
		};
/* End XCBuildConfiguration section */

/* Begin XCConfigurationList section */
		7590E9231602775100C85E34 /* Build configuration list for PBXProject "foldertest" */ = {
			isa = XCConfigurationList;
			buildConfigurations = (
				7590E9451602775100C85E34 /* Debug */,
				7590E9461602775100C85E34 /* Release */,
			);
			defaultConfigurationIsVisible = 0;
			defaultConfigurationName = Release;
		};
		7590E9471602775100C85E34 /* Build configuration list for PBXNativeTarget "foldertest" */ = {
			isa = XCConfigurationList;
			buildConfigurations = (
				7590E9481602775100C85E34 /* Debug */,
				7590E9491602775100C85E34 /* Release */,
			);
			defaultConfigurationIsVisible = 0;
		};
/* End XCConfigurationList section */
	};
	rootObject = 7590E9201602775100C85E34 /* Project object */;
}
