// !$*UTF8*$!
{
	archiveVersion = 1;
	classes = {
	};
	objectVersion = 46;
	objects = {

/* Begin PBXBuildFile section */
		75D70EA71661626600A2DC8F /* UIKit.framework in Frameworks */ = {isa = PBXBuildFile; fileRef = 75D70EA61661626600A2DC8F /* UIKit.framework */; };
		75D70EA91661626600A2DC8F /* Foundation.framework in Frameworks */ = {isa = PBXBuildFile; fileRef = 75D70EA81661626600A2DC8F /* Foundation.framework */; };
		75D70EAB1661626600A2DC8F /* CoreGraphics.framework in Frameworks */ = {isa = PBXBuildFile; fileRef = 75D70EAA1661626600A2DC8F /* CoreGraphics.framework */; };
		75D70EB11661626600A2DC8F /* InfoPlist.strings in Resources */ = {isa = PBXBuildFile; fileRef = 75D70EAF1661626600A2DC8F /* InfoPlist.strings */; };
		75D70EB31661626600A2DC8F /* main.m in Sources */ = {isa = PBXBuildFile; fileRef = 75D70EB21661626600A2DC8F /* main.m */; };
		75D70EB71661626600A2DC8F /* MADAppDelegate.m in Sources */ = {isa = PBXBuildFile; fileRef = 75D70EB61661626600A2DC8F /* MADAppDelegate.m */; };
		75D70EBA1661626600A2DC8F /* MADViewController.m in Sources */ = {isa = PBXBuildFile; fileRef = 75D70EB91661626600A2DC8F /* MADViewController.m */; };
		75D70EBD1661626600A2DC8F /* MADViewController.xib in Resources */ = {isa = PBXBuildFile; fileRef = 75D70EBB1661626600A2DC8F /* MADViewController.xib */; };
		75D70EC4166165C500A2DC8F /* MobileCoreServices.framework in Frameworks */ = {isa = PBXBuildFile; fileRef = 75D70EC3166165C500A2DC8F /* MobileCoreServices.framework */; };
		75D70EC61662D3C500A2DC8F /* MediaPlayer.framework in Frameworks */ = {isa = PBXBuildFile; fileRef = 75D70EC51662D3C500A2DC8F /* MediaPlayer.framework */; };
		75D70ED0166413DE00A2DC8F /* AVFoundation.framework in Frameworks */ = {isa = PBXBuildFile; fileRef = 75D70ECF166413DE00A2DC8F /* AVFoundation.framework */; };
		75D70ED51664193D00A2DC8F /* callmemaybe.m4r in Resources */ = {isa = PBXBuildFile; fileRef = 75D70ED41664193D00A2DC8F /* callmemaybe.m4r */; };
/* End PBXBuildFile section */

/* Begin PBXFileReference section */
		75D70EA21661626600A2DC8F /* Media.app */ = {isa = PBXFileReference; explicitFileType = wrapper.application; includeInIndex = 0; path = Media.app; sourceTree = BUILT_PRODUCTS_DIR; };
		75D70EA61661626600A2DC8F /* UIKit.framework */ = {isa = PBXFileReference; lastKnownFileType = wrapper.framework; name = UIKit.framework; path = System/Library/Frameworks/UIKit.framework; sourceTree = SDKROOT; };
		75D70EA81661626600A2DC8F /* Foundation.framework */ = {isa = PBXFileReference; lastKnownFileType = wrapper.framework; name = Foundation.framework; path = System/Library/Frameworks/Foundation.framework; sourceTree = SDKROOT; };
		75D70EAA1661626600A2DC8F /* CoreGraphics.framework */ = {isa = PBXFileReference; lastKnownFileType = wrapper.framework; name = CoreGraphics.framework; path = System/Library/Frameworks/CoreGraphics.framework; sourceTree = SDKROOT; };
		75D70EAE1661626600A2DC8F /* Media-Info.plist */ = {isa = PBXFileReference; lastKnownFileType = text.plist.xml; path = "Media-Info.plist"; sourceTree = "<group>"; };
		75D70EB01661626600A2DC8F /* en */ = {isa = PBXFileReference; lastKnownFileType = text.plist.strings; name = en; path = en.lproj/InfoPlist.strings; sourceTree = "<group>"; };
		75D70EB21661626600A2DC8F /* main.m */ = {isa = PBXFileReference; lastKnownFileType = sourcecode.c.objc; path = main.m; sourceTree = "<group>"; };
		75D70EB41661626600A2DC8F /* Media-Prefix.pch */ = {isa = PBXFileReference; lastKnownFileType = sourcecode.c.h; path = "Media-Prefix.pch"; sourceTree = "<group>"; };
		75D70EB51661626600A2DC8F /* MADAppDelegate.h */ = {isa = PBXFileReference; lastKnownFileType = sourcecode.c.h; path = MADAppDelegate.h; sourceTree = "<group>"; };
		75D70EB61661626600A2DC8F /* MADAppDelegate.m */ = {isa = PBXFileReference; lastKnownFileType = sourcecode.c.objc; path = MADAppDelegate.m; sourceTree = "<group>"; };
		75D70EB81661626600A2DC8F /* MADViewController.h */ = {isa = PBXFileReference; lastKnownFileType = sourcecode.c.h; path = MADViewController.h; sourceTree = "<group>"; };
		75D70EB91661626600A2DC8F /* MADViewController.m */ = {isa = PBXFileReference; lastKnownFileType = sourcecode.c.objc; path = MADViewController.m; sourceTree = "<group>"; };
		75D70EBC1661626600A2DC8F /* en */ = {isa = PBXFileReference; lastKnownFileType = file.xib; name = en; path = en.lproj/MADViewController.xib; sourceTree = "<group>"; };
		75D70EC3166165C500A2DC8F /* MobileCoreServices.framework */ = {isa = PBXFileReference; lastKnownFileType = wrapper.framework; name = MobileCoreServices.framework; path = System/Library/Frameworks/MobileCoreServices.framework; sourceTree = SDKROOT; };
		75D70EC51662D3C500A2DC8F /* MediaPlayer.framework */ = {isa = PBXFileReference; lastKnownFileType = wrapper.framework; name = MediaPlayer.framework; path = System/Library/Frameworks/MediaPlayer.framework; sourceTree = SDKROOT; };
		75D70ECF166413DE00A2DC8F /* AVFoundation.framework */ = {isa = PBXFileReference; lastKnownFileType = wrapper.framework; name = AVFoundation.framework; path = System/Library/Frameworks/AVFoundation.framework; sourceTree = SDKROOT; };
		75D70ED31664182D00A2DC8F /* started2.m4r */ = {isa = PBXFileReference; lastKnownFileType = file; path = started2.m4r; sourceTree = "<group>"; };
		75D70ED41664193D00A2DC8F /* callmemaybe.m4r */ = {isa = PBXFileReference; lastKnownFileType = file; path = callmemaybe.m4r; sourceTree = "<group>"; };
/* End PBXFileReference section */

/* Begin PBXFrameworksBuildPhase section */
		75D70E9F1661626600A2DC8F /* Frameworks */ = {
			isa = PBXFrameworksBuildPhase;
			buildActionMask = 2147483647;
			files = (
				75D70ED0166413DE00A2DC8F /* AVFoundation.framework in Frameworks */,
				75D70EC61662D3C500A2DC8F /* MediaPlayer.framework in Frameworks */,
				75D70EC4166165C500A2DC8F /* MobileCoreServices.framework in Frameworks */,
				75D70EA71661626600A2DC8F /* UIKit.framework in Frameworks */,
				75D70EA91661626600A2DC8F /* Foundation.framework in Frameworks */,
				75D70EAB1661626600A2DC8F /* CoreGraphics.framework in Frameworks */,
			);
			runOnlyForDeploymentPostprocessing = 0;
		};
/* End PBXFrameworksBuildPhase section */

/* Begin PBXGroup section */
		75D70E971661626600A2DC8F = {
			isa = PBXGroup;
			children = (
				75D70ECF166413DE00A2DC8F /* AVFoundation.framework */,
				75D70EC51662D3C500A2DC8F /* MediaPlayer.framework */,
				75D70EC3166165C500A2DC8F /* MobileCoreServices.framework */,
				75D70EAC1661626600A2DC8F /* Media */,
				75D70EA51661626600A2DC8F /* Frameworks */,
				75D70EA31661626600A2DC8F /* Products */,
			);
			sourceTree = "<group>";
		};
		75D70EA31661626600A2DC8F /* Products */ = {
			isa = PBXGroup;
			children = (
				75D70EA21661626600A2DC8F /* Media.app */,
			);
			name = Products;
			sourceTree = "<group>";
		};
		75D70EA51661626600A2DC8F /* Frameworks */ = {
			isa = PBXGroup;
			children = (
				75D70EA61661626600A2DC8F /* UIKit.framework */,
				75D70EA81661626600A2DC8F /* Foundation.framework */,
				75D70EAA1661626600A2DC8F /* CoreGraphics.framework */,
			);
			name = Frameworks;
			sourceTree = "<group>";
		};
		75D70EAC1661626600A2DC8F /* Media */ = {
			isa = PBXGroup;
			children = (
				75D70EB51661626600A2DC8F /* MADAppDelegate.h */,
				75D70EB61661626600A2DC8F /* MADAppDelegate.m */,
				75D70EB81661626600A2DC8F /* MADViewController.h */,
				75D70EB91661626600A2DC8F /* MADViewController.m */,
				75D70EBB1661626600A2DC8F /* MADViewController.xib */,
				75D70EAD1661626600A2DC8F /* Supporting Files */,
			);
			path = Media;
			sourceTree = "<group>";
		};
		75D70EAD1661626600A2DC8F /* Supporting Files */ = {
			isa = PBXGroup;
			children = (
				75D70ED41664193D00A2DC8F /* callmemaybe.m4r */,
				75D70ED31664182D00A2DC8F /* started2.m4r */,
				75D70EAE1661626600A2DC8F /* Media-Info.plist */,
				75D70EAF1661626600A2DC8F /* InfoPlist.strings */,
				75D70EB21661626600A2DC8F /* main.m */,
				75D70EB41661626600A2DC8F /* Media-Prefix.pch */,
			);
			name = "Supporting Files";
			sourceTree = "<group>";
		};
/* End PBXGroup section */

/* Begin PBXNativeTarget section */
		75D70EA11661626600A2DC8F /* Media */ = {
			isa = PBXNativeTarget;
			buildConfigurationList = 75D70EC01661626600A2DC8F /* Build configuration list for PBXNativeTarget "Media" */;
			buildPhases = (
				75D70E9E1661626600A2DC8F /* Sources */,
				75D70E9F1661626600A2DC8F /* Frameworks */,
				75D70EA01661626600A2DC8F /* Resources */,
			);
			buildRules = (
			);
			dependencies = (
			);
			name = Media;
			productName = Media;
			productReference = 75D70EA21661626600A2DC8F /* Media.app */;
			productType = "com.apple.product-type.application";
		};
/* End PBXNativeTarget section */

/* Begin PBXProject section */
		75D70E991661626600A2DC8F /* Project object */ = {
			isa = PBXProject;
			attributes = {
				CLASSPREFIX = MAD;
				LastUpgradeCheck = 0440;
				ORGANIZATIONNAME = "Aileen Pierce";
			};
			buildConfigurationList = 75D70E9C1661626600A2DC8F /* Build configuration list for PBXProject "Media" */;
			compatibilityVersion = "Xcode 3.2";
			developmentRegion = English;
			hasScannedForEncodings = 0;
			knownRegions = (
				en,
			);
			mainGroup = 75D70E971661626600A2DC8F;
			productRefGroup = 75D70EA31661626600A2DC8F /* Products */;
			projectDirPath = "";
			projectRoot = "";
			targets = (
				75D70EA11661626600A2DC8F /* Media */,
			);
		};
/* End PBXProject section */

/* Begin PBXResourcesBuildPhase section */
		75D70EA01661626600A2DC8F /* Resources */ = {
			isa = PBXResourcesBuildPhase;
			buildActionMask = 2147483647;
			files = (
				75D70EB11661626600A2DC8F /* InfoPlist.strings in Resources */,
				75D70EBD1661626600A2DC8F /* MADViewController.xib in Resources */,
				75D70ED51664193D00A2DC8F /* callmemaybe.m4r in Resources */,
			);
			runOnlyForDeploymentPostprocessing = 0;
		};
/* End PBXResourcesBuildPhase section */

/* Begin PBXSourcesBuildPhase section */
		75D70E9E1661626600A2DC8F /* Sources */ = {
			isa = PBXSourcesBuildPhase;
			buildActionMask = 2147483647;
			files = (
				75D70EB31661626600A2DC8F /* main.m in Sources */,
				75D70EB71661626600A2DC8F /* MADAppDelegate.m in Sources */,
				75D70EBA1661626600A2DC8F /* MADViewController.m in Sources */,
			);
			runOnlyForDeploymentPostprocessing = 0;
		};
/* End PBXSourcesBuildPhase section */

/* Begin PBXVariantGroup section */
		75D70EAF1661626600A2DC8F /* InfoPlist.strings */ = {
			isa = PBXVariantGroup;
			children = (
				75D70EB01661626600A2DC8F /* en */,
			);
			name = InfoPlist.strings;
			sourceTree = "<group>";
		};
		75D70EBB1661626600A2DC8F /* MADViewController.xib */ = {
			isa = PBXVariantGroup;
			children = (
				75D70EBC1661626600A2DC8F /* en */,
			);
			name = MADViewController.xib;
			sourceTree = "<group>";
		};
/* End PBXVariantGroup section */

/* Begin XCBuildConfiguration section */
		75D70EBE1661626600A2DC8F /* Debug */ = {
			isa = XCBuildConfiguration;
			buildSettings = {
				ALWAYS_SEARCH_USER_PATHS = NO;
				ARCHS = "$(ARCHS_STANDARD_32_BIT)";
				CLANG_CXX_LANGUAGE_STANDARD = "gnu++0x";
				CLANG_ENABLE_OBJC_ARC = YES;
				CLANG_WARN__DUPLICATE_METHOD_MATCH = YES;
				"CODE_SIGN_IDENTITY[sdk=iphoneos*]" = "iPhone Developer";
				COPY_PHASE_STRIP = NO;
				GCC_C_LANGUAGE_STANDARD = gnu99;
				GCC_DYNAMIC_NO_PIC = NO;
				GCC_OPTIMIZATION_LEVEL = 0;
				GCC_PREPROCESSOR_DEFINITIONS = (
					"DEBUG=1",
					"$(inherited)",
				);
				GCC_SYMBOLS_PRIVATE_EXTERN = NO;
				GCC_VERSION = com.apple.compilers.llvm.clang.1_0;
				GCC_WARN_ABOUT_RETURN_TYPE = YES;
				GCC_WARN_UNINITIALIZED_AUTOS = YES;
				GCC_WARN_UNUSED_VARIABLE = YES;
				IPHONEOS_DEPLOYMENT_TARGET = 5.1;
				SDKROOT = iphoneos;
			};
			name = Debug;
		};
		75D70EBF1661626600A2DC8F /* Release */ = {
			isa = XCBuildConfiguration;
			buildSettings = {
				ALWAYS_SEARCH_USER_PATHS = NO;
				ARCHS = "$(ARCHS_STANDARD_32_BIT)";
				CLANG_CXX_LANGUAGE_STANDARD = "gnu++0x";
				CLANG_ENABLE_OBJC_ARC = YES;
				CLANG_WARN__DUPLICATE_METHOD_MATCH = YES;
				"CODE_SIGN_IDENTITY[sdk=iphoneos*]" = "iPhone Developer";
				COPY_PHASE_STRIP = YES;
				GCC_C_LANGUAGE_STANDARD = gnu99;
				GCC_VERSION = com.apple.compilers.llvm.clang.1_0;
				GCC_WARN_ABOUT_RETURN_TYPE = YES;
				GCC_WARN_UNINITIALIZED_AUTOS = YES;
				GCC_WARN_UNUSED_VARIABLE = YES;
				IPHONEOS_DEPLOYMENT_TARGET = 5.1;
				OTHER_CFLAGS = "-DNS_BLOCK_ASSERTIONS=1";
				SDKROOT = iphoneos;
				VALIDATE_PRODUCT = YES;
			};
			name = Release;
		};
		75D70EC11661626600A2DC8F /* Debug */ = {
			isa = XCBuildConfiguration;
			buildSettings = {
				GCC_PRECOMPILE_PREFIX_HEADER = YES;
				GCC_PREFIX_HEADER = "Media/Media-Prefix.pch";
				INFOPLIST_FILE = "Media/Media-Info.plist";
				PRODUCT_NAME = "$(TARGET_NAME)";
				WRAPPER_EXTENSION = app;
			};
			name = Debug;
		};
		75D70EC21661626600A2DC8F /* Release */ = {
			isa = XCBuildConfiguration;
			buildSettings = {
				GCC_PRECOMPILE_PREFIX_HEADER = YES;
				GCC_PREFIX_HEADER = "Media/Media-Prefix.pch";
				INFOPLIST_FILE = "Media/Media-Info.plist";
				PRODUCT_NAME = "$(TARGET_NAME)";
				WRAPPER_EXTENSION = app;
			};
			name = Release;
		};
/* End XCBuildConfiguration section */

/* Begin XCConfigurationList section */
		75D70E9C1661626600A2DC8F /* Build configuration list for PBXProject "Media" */ = {
			isa = XCConfigurationList;
			buildConfigurations = (
				75D70EBE1661626600A2DC8F /* Debug */,
				75D70EBF1661626600A2DC8F /* Release */,
			);
			defaultConfigurationIsVisible = 0;
			defaultConfigurationName = Release;
		};
		75D70EC01661626600A2DC8F /* Build configuration list for PBXNativeTarget "Media" */ = {
			isa = XCConfigurationList;
			buildConfigurations = (
				75D70EC11661626600A2DC8F /* Debug */,
				75D70EC21661626600A2DC8F /* Release */,
			);
			defaultConfigurationIsVisible = 0;
			defaultConfigurationName = Release;
		};
/* End XCConfigurationList section */
	};
	rootObject = 75D70E991661626600A2DC8F /* Project object */;
}
