// !$*UTF8*$!
{
	archiveVersion = 1;
	classes = {
	};
	objectVersion = 46;
	objects = {

/* Begin PBXBuildFile section */
		75CED58315F846D5006B8089 /* UIKit.framework in Frameworks */ = {isa = PBXBuildFile; fileRef = 75CED58215F846D5006B8089 /* UIKit.framework */; };
		75CED58515F846D5006B8089 /* Foundation.framework in Frameworks */ = {isa = PBXBuildFile; fileRef = 75CED58415F846D5006B8089 /* Foundation.framework */; };
		75CED58715F846D5006B8089 /* CoreGraphics.framework in Frameworks */ = {isa = PBXBuildFile; fileRef = 75CED58615F846D5006B8089 /* CoreGraphics.framework */; };
		75CED58D15F846D5006B8089 /* InfoPlist.strings in Resources */ = {isa = PBXBuildFile; fileRef = 75CED58B15F846D5006B8089 /* InfoPlist.strings */; };
		75CED58F15F846D5006B8089 /* main.m in Sources */ = {isa = PBXBuildFile; fileRef = 75CED58E15F846D5006B8089 /* main.m */; };
		75CED59315F846D5006B8089 /* MADAppDelegate.m in Sources */ = {isa = PBXBuildFile; fileRef = 75CED59215F846D5006B8089 /* MADAppDelegate.m */; };
		75CED59615F846D5006B8089 /* MADViewController.m in Sources */ = {isa = PBXBuildFile; fileRef = 75CED59515F846D5006B8089 /* MADViewController.m */; };
		75CED59915F846D5006B8089 /* MADViewController.xib in Resources */ = {isa = PBXBuildFile; fileRef = 75CED59715F846D5006B8089 /* MADViewController.xib */; };
/* End PBXBuildFile section */

/* Begin PBXFileReference section */
		75CED57E15F846D5006B8089 /* gittest3.app */ = {isa = PBXFileReference; explicitFileType = wrapper.application; includeInIndex = 0; path = gittest3.app; sourceTree = BUILT_PRODUCTS_DIR; };
		75CED58215F846D5006B8089 /* UIKit.framework */ = {isa = PBXFileReference; lastKnownFileType = wrapper.framework; name = UIKit.framework; path = System/Library/Frameworks/UIKit.framework; sourceTree = SDKROOT; };
		75CED58415F846D5006B8089 /* Foundation.framework */ = {isa = PBXFileReference; lastKnownFileType = wrapper.framework; name = Foundation.framework; path = System/Library/Frameworks/Foundation.framework; sourceTree = SDKROOT; };
		75CED58615F846D5006B8089 /* CoreGraphics.framework */ = {isa = PBXFileReference; lastKnownFileType = wrapper.framework; name = CoreGraphics.framework; path = System/Library/Frameworks/CoreGraphics.framework; sourceTree = SDKROOT; };
		75CED58A15F846D5006B8089 /* gittest3-Info.plist */ = {isa = PBXFileReference; lastKnownFileType = text.plist.xml; path = "gittest3-Info.plist"; sourceTree = "<group>"; };
		75CED58C15F846D5006B8089 /* en */ = {isa = PBXFileReference; lastKnownFileType = text.plist.strings; name = en; path = en.lproj/InfoPlist.strings; sourceTree = "<group>"; };
		75CED58E15F846D5006B8089 /* main.m */ = {isa = PBXFileReference; lastKnownFileType = sourcecode.c.objc; path = main.m; sourceTree = "<group>"; };
		75CED59015F846D5006B8089 /* gittest3-Prefix.pch */ = {isa = PBXFileReference; lastKnownFileType = sourcecode.c.h; path = "gittest3-Prefix.pch"; sourceTree = "<group>"; };
		75CED59115F846D5006B8089 /* MADAppDelegate.h */ = {isa = PBXFileReference; lastKnownFileType = sourcecode.c.h; path = MADAppDelegate.h; sourceTree = "<group>"; };
		75CED59215F846D5006B8089 /* MADAppDelegate.m */ = {isa = PBXFileReference; lastKnownFileType = sourcecode.c.objc; path = MADAppDelegate.m; sourceTree = "<group>"; };
		75CED59415F846D5006B8089 /* MADViewController.h */ = {isa = PBXFileReference; lastKnownFileType = sourcecode.c.h; path = MADViewController.h; sourceTree = "<group>"; };
		75CED59515F846D5006B8089 /* MADViewController.m */ = {isa = PBXFileReference; lastKnownFileType = sourcecode.c.objc; path = MADViewController.m; sourceTree = "<group>"; };
		75CED59815F846D5006B8089 /* en */ = {isa = PBXFileReference; lastKnownFileType = file.xib; name = en; path = en.lproj/MADViewController.xib; sourceTree = "<group>"; };
/* End PBXFileReference section */

/* Begin PBXFrameworksBuildPhase section */
		75CED57B15F846D5006B8089 /* Frameworks */ = {
			isa = PBXFrameworksBuildPhase;
			buildActionMask = 2147483647;
			files = (
				75CED58315F846D5006B8089 /* UIKit.framework in Frameworks */,
				75CED58515F846D5006B8089 /* Foundation.framework in Frameworks */,
				75CED58715F846D5006B8089 /* CoreGraphics.framework in Frameworks */,
			);
			runOnlyForDeploymentPostprocessing = 0;
		};
/* End PBXFrameworksBuildPhase section */

/* Begin PBXGroup section */
		75CED57315F846D5006B8089 = {
			isa = PBXGroup;
			children = (
				75CED58815F846D5006B8089 /* gittest3 */,
				75CED58115F846D5006B8089 /* Frameworks */,
				75CED57F15F846D5006B8089 /* Products */,
			);
			sourceTree = "<group>";
		};
		75CED57F15F846D5006B8089 /* Products */ = {
			isa = PBXGroup;
			children = (
				75CED57E15F846D5006B8089 /* gittest3.app */,
			);
			name = Products;
			sourceTree = "<group>";
		};
		75CED58115F846D5006B8089 /* Frameworks */ = {
			isa = PBXGroup;
			children = (
				75CED58215F846D5006B8089 /* UIKit.framework */,
				75CED58415F846D5006B8089 /* Foundation.framework */,
				75CED58615F846D5006B8089 /* CoreGraphics.framework */,
			);
			name = Frameworks;
			sourceTree = "<group>";
		};
		75CED58815F846D5006B8089 /* gittest3 */ = {
			isa = PBXGroup;
			children = (
				75CED59115F846D5006B8089 /* MADAppDelegate.h */,
				75CED59215F846D5006B8089 /* MADAppDelegate.m */,
				75CED59415F846D5006B8089 /* MADViewController.h */,
				75CED59515F846D5006B8089 /* MADViewController.m */,
				75CED59715F846D5006B8089 /* MADViewController.xib */,
				75CED58915F846D5006B8089 /* Supporting Files */,
			);
			path = gittest3;
			sourceTree = "<group>";
		};
		75CED58915F846D5006B8089 /* Supporting Files */ = {
			isa = PBXGroup;
			children = (
				75CED58A15F846D5006B8089 /* gittest3-Info.plist */,
				75CED58B15F846D5006B8089 /* InfoPlist.strings */,
				75CED58E15F846D5006B8089 /* main.m */,
				75CED59015F846D5006B8089 /* gittest3-Prefix.pch */,
			);
			name = "Supporting Files";
			sourceTree = "<group>";
		};
/* End PBXGroup section */

/* Begin PBXNativeTarget section */
		75CED57D15F846D5006B8089 /* gittest3 */ = {
			isa = PBXNativeTarget;
			buildConfigurationList = 75CED59C15F846D5006B8089 /* Build configuration list for PBXNativeTarget "gittest3" */;
			buildPhases = (
				75CED57A15F846D5006B8089 /* Sources */,
				75CED57B15F846D5006B8089 /* Frameworks */,
				75CED57C15F846D5006B8089 /* Resources */,
			);
			buildRules = (
			);
			dependencies = (
			);
			name = gittest3;
			productName = gittest3;
			productReference = 75CED57E15F846D5006B8089 /* gittest3.app */;
			productType = "com.apple.product-type.application";
		};
/* End PBXNativeTarget section */

/* Begin PBXProject section */
		75CED57515F846D5006B8089 /* Project object */ = {
			isa = PBXProject;
			attributes = {
				CLASSPREFIX = MAD;
				LastUpgradeCheck = 0440;
				ORGANIZATIONNAME = "Aileen Pierce";
			};
			buildConfigurationList = 75CED57815F846D5006B8089 /* Build configuration list for PBXProject "gittest3" */;
			compatibilityVersion = "Xcode 3.2";
			developmentRegion = English;
			hasScannedForEncodings = 0;
			knownRegions = (
				en,
			);
			mainGroup = 75CED57315F846D5006B8089;
			productRefGroup = 75CED57F15F846D5006B8089 /* Products */;
			projectDirPath = "";
			projectRoot = "";
			targets = (
				75CED57D15F846D5006B8089 /* gittest3 */,
			);
		};
/* End PBXProject section */

/* Begin PBXResourcesBuildPhase section */
		75CED57C15F846D5006B8089 /* Resources */ = {
			isa = PBXResourcesBuildPhase;
			buildActionMask = 2147483647;
			files = (
				75CED58D15F846D5006B8089 /* InfoPlist.strings in Resources */,
				75CED59915F846D5006B8089 /* MADViewController.xib in Resources */,
			);
			runOnlyForDeploymentPostprocessing = 0;
		};
/* End PBXResourcesBuildPhase section */

/* Begin PBXSourcesBuildPhase section */
		75CED57A15F846D5006B8089 /* Sources */ = {
			isa = PBXSourcesBuildPhase;
			buildActionMask = 2147483647;
			files = (
				75CED58F15F846D5006B8089 /* main.m in Sources */,
				75CED59315F846D5006B8089 /* MADAppDelegate.m in Sources */,
				75CED59615F846D5006B8089 /* MADViewController.m in Sources */,
			);
			runOnlyForDeploymentPostprocessing = 0;
		};
/* End PBXSourcesBuildPhase section */

/* Begin PBXVariantGroup section */
		75CED58B15F846D5006B8089 /* InfoPlist.strings */ = {
			isa = PBXVariantGroup;
			children = (
				75CED58C15F846D5006B8089 /* en */,
			);
			name = InfoPlist.strings;
			sourceTree = "<group>";
		};
		75CED59715F846D5006B8089 /* MADViewController.xib */ = {
			isa = PBXVariantGroup;
			children = (
				75CED59815F846D5006B8089 /* en */,
			);
			name = MADViewController.xib;
			sourceTree = "<group>";
		};
/* End PBXVariantGroup section */

/* Begin XCBuildConfiguration section */
		75CED59A15F846D5006B8089 /* Debug */ = {
			isa = XCBuildConfiguration;
			buildSettings = {
				ALWAYS_SEARCH_USER_PATHS = NO;
				ARCHS = "$(ARCHS_STANDARD_32_BIT)";
				CLANG_CXX_LANGUAGE_STANDARD = "gnu++0x";
				CLANG_ENABLE_OBJC_ARC = YES;
				CLANG_WARN__DUPLICATE_METHOD_MATCH = YES;
				"CODE_SIGN_IDENTITY[sdk=iphoneos*]" = "iPhone Developer";
				COPY_PHASE_STRIP = NO;
				GCC_C_LANGUAGE_STANDARD = gnu99;
				GCC_DYNAMIC_NO_PIC = NO;
				GCC_OPTIMIZATION_LEVEL = 0;
				GCC_PREPROCESSOR_DEFINITIONS = (
					"DEBUG=1",
					"$(inherited)",
				);
				GCC_SYMBOLS_PRIVATE_EXTERN = NO;
				GCC_VERSION = com.apple.compilers.llvm.clang.1_0;
				GCC_WARN_ABOUT_RETURN_TYPE = YES;
				GCC_WARN_UNINITIALIZED_AUTOS = YES;
				GCC_WARN_UNUSED_VARIABLE = YES;
				IPHONEOS_DEPLOYMENT_TARGET = 5.1;
				SDKROOT = iphoneos;
			};
			name = Debug;
		};
		75CED59B15F846D5006B8089 /* Release */ = {
			isa = XCBuildConfiguration;
			buildSettings = {
				ALWAYS_SEARCH_USER_PATHS = NO;
				ARCHS = "$(ARCHS_STANDARD_32_BIT)";
				CLANG_CXX_LANGUAGE_STANDARD = "gnu++0x";
				CLANG_ENABLE_OBJC_ARC = YES;
				CLANG_WARN__DUPLICATE_METHOD_MATCH = YES;
				"CODE_SIGN_IDENTITY[sdk=iphoneos*]" = "iPhone Developer";
				COPY_PHASE_STRIP = YES;
				GCC_C_LANGUAGE_STANDARD = gnu99;
				GCC_VERSION = com.apple.compilers.llvm.clang.1_0;
				GCC_WARN_ABOUT_RETURN_TYPE = YES;
				GCC_WARN_UNINITIALIZED_AUTOS = YES;
				GCC_WARN_UNUSED_VARIABLE = YES;
				IPHONEOS_DEPLOYMENT_TARGET = 5.1;
				OTHER_CFLAGS = "-DNS_BLOCK_ASSERTIONS=1";
				SDKROOT = iphoneos;
				VALIDATE_PRODUCT = YES;
			};
			name = Release;
		};
		75CED59D15F846D5006B8089 /* Debug */ = {
			isa = XCBuildConfiguration;
			buildSettings = {
				GCC_PRECOMPILE_PREFIX_HEADER = YES;
				GCC_PREFIX_HEADER = "gittest3/gittest3-Prefix.pch";
				INFOPLIST_FILE = "gittest3/gittest3-Info.plist";
				PRODUCT_NAME = "$(TARGET_NAME)";
				WRAPPER_EXTENSION = app;
			};
			name = Debug;
		};
		75CED59E15F846D5006B8089 /* Release */ = {
			isa = XCBuildConfiguration;
			buildSettings = {
				GCC_PRECOMPILE_PREFIX_HEADER = YES;
				GCC_PREFIX_HEADER = "gittest3/gittest3-Prefix.pch";
				INFOPLIST_FILE = "gittest3/gittest3-Info.plist";
				PRODUCT_NAME = "$(TARGET_NAME)";
				WRAPPER_EXTENSION = app;
			};
			name = Release;
		};
/* End XCBuildConfiguration section */

/* Begin XCConfigurationList section */
		75CED57815F846D5006B8089 /* Build configuration list for PBXProject "gittest3" */ = {
			isa = XCConfigurationList;
			buildConfigurations = (
				75CED59A15F846D5006B8089 /* Debug */,
				75CED59B15F846D5006B8089 /* Release */,
			);
			defaultConfigurationIsVisible = 0;
			defaultConfigurationName = Release;
		};
		75CED59C15F846D5006B8089 /* Build configuration list for PBXNativeTarget "gittest3" */ = {
			isa = XCConfigurationList;
			buildConfigurations = (
				75CED59D15F846D5006B8089 /* Debug */,
				75CED59E15F846D5006B8089 /* Release */,
			);
			defaultConfigurationIsVisible = 0;
		};
/* End XCConfigurationList section */
	};
	rootObject = 75CED57515F846D5006B8089 /* Project object */;
}
